
Microsoft Visual Studio Solution File, Format Version 12.00
# Visual Studio Version 16
VisualStudioVersion = 25.0.1706.0
MinimumVisualStudioVersion = 10.0.40219.1
Project("{FAE04EC0-301F-11D3-BF4B-00C04F79EFBC}") = "MqttBroker", "MqttBroker.csproj", "{74CA7F10-3E2A-49FB-95E3-9C2E023FC1ED}"
EndProject
Global
	GlobalSection(SolutionConfigurationPlatforms) = preSolution
		Debug|Any CPU = Debug|Any CPU
		Release|Any CPU = Release|Any CPU
	EndGlobalSection
	GlobalSection(ProjectConfigurationPlatforms) = postSolution
		{74CA7F10-3E2A-49FB-95E3-9C2E023FC1ED}.Debug|Any CPU.ActiveCfg = Debug|Any CPU
		{74CA7F10-3E2A-49FB-95E3-9C2E023FC1ED}.Debug|Any CPU.Build.0 = Debug|Any CPU
		{74CA7F10-3E2A-49FB-95E3-9C2E023FC1ED}.Release|Any CPU.ActiveCfg = Release|Any CPU
		{74CA7F10-3E2A-49FB-95E3-9C2E023FC1ED}.Release|Any CPU.Build.0 = Release|Any CPU
	EndGlobalSection
	GlobalSection(SolutionProperties) = preSolution
		HideSolutionNode = FALSE
	EndGlobalSection
	GlobalSection(ExtensibilityGlobals) = postSolution
		SolutionGuid = {F7725F13-63C1-46A5-AE00-59CCB3A6E9A3}
	EndGlobalSection
EndGlobal
